
Microsoft Visual Studio Solution File, Format Version 11.00
# Visual Studio 2010
Project("{159641D6-6404-4A2A-AE62-294DE0FE8301}") = "BackupDatabase", "BackupDatabase\BackupDatabase.dtproj", "{5FA59B61-E46D-42A2-838E-E9C082169F9E}"
EndProject
Global
	GlobalSection(SolutionConfigurationPlatforms) = preSolution
		Development|Default = Development|Default
	EndGlobalSection
	GlobalSection(ProjectConfigurationPlatforms) = postSolution
		{5FA59B61-E46D-42A2-838E-E9C082169F9E}.Development|Default.ActiveCfg = Development
		{5FA59B61-E46D-42A2-838E-E9C082169F9E}.Development|Default.Build.0 = Development
	EndGlobalSection
	GlobalSection(SolutionProperties) = preSolution
		HideSolutionNode = FALSE
	EndGlobalSection
EndGlobal
